// !$*UTF8*$!
{
	archiveVersion = 1;
	classes = {
	};
	objectVersion = 51;
	objects = {

/* Begin PBXBuildFile section */
		74A7BA97260F13830041A18A /* AppDelegate.swift in Sources */ = {isa = PBXBuildFile; fileRef = 74A7BA96260F13830041A18A /* AppDelegate.swift */; };
		74A7BA99260F13830041A18A /* SceneDelegate.swift in Sources */ = {isa = PBXBuildFile; fileRef = 74A7BA98260F13830041A18A /* SceneDelegate.swift */; };
		74A7BAA0260F13890041A18A /* Assets.xcassets in Resources */ = {isa = PBXBuildFile; fileRef = 74A7BA9F260F13890041A18A /* Assets.xcassets */; };
		74A7BAA3260F13890041A18A /* LaunchScreen.storyboard in Resources */ = {isa = PBXBuildFile; fileRef = 74A7BAA1260F13890041A18A /* LaunchScreen.storyboard */; };
		74A7BAAE260F1A190041A18A /* CustomButton.swift in Sources */ = {isa = PBXBuildFile; fileRef = 74A7BAAD260F1A190041A18A /* CustomButton.swift */; };
		74A7BAB2260F1A820041A18A /* Colors.xcassets in Resources */ = {isa = PBXBuildFile; fileRef = 74A7BAB1260F1A820041A18A /* Colors.xcassets */; };
		74A7BB5B260F497D0041A18A /* WelcomeViewController.swift in Sources */ = {isa = PBXBuildFile; fileRef = 74A7BB5A260F497D0041A18A /* WelcomeViewController.swift */; };
		74A7BB64260F618D0041A18A /* ServiceForm.swift in Sources */ = {isa = PBXBuildFile; fileRef = 74A7BB63260F618D0041A18A /* ServiceForm.swift */; };
		74A7BB67260F61C60041A18A /* ServiceFormPage.swift in Sources */ = {isa = PBXBuildFile; fileRef = 74A7BB66260F61C60041A18A /* ServiceFormPage.swift */; };
		74A7BB6A260F62A80041A18A /* ServiceFormElement.swift in Sources */ = {isa = PBXBuildFile; fileRef = 74A7BB69260F62A80041A18A /* ServiceFormElement.swift */; };
		74A7BB6D260F64820041A18A /* ServiceElement.swift in Sources */ = {isa = PBXBuildFile; fileRef = 74A7BB6C260F64820041A18A /* ServiceElement.swift */; };
		74A7BB70260F66450041A18A /* ElementType.swift in Sources */ = {isa = PBXBuildFile; fileRef = 74A7BB6F260F66440041A18A /* ElementType.swift */; };
		74A7BB73260F68290041A18A /* ContentCategory.swift in Sources */ = {isa = PBXBuildFile; fileRef = 74A7BB72260F68290041A18A /* ContentCategory.swift */; };
		74A7BB7C260F690A0041A18A /* DomodedovoTests.swift in Sources */ = {isa = PBXBuildFile; fileRef = 74A7BB7B260F690A0041A18A /* DomodedovoTests.swift */; };
		74A7BB86260F69630041A18A /* ServiceRespond.swift in Sources */ = {isa = PBXBuildFile; fileRef = 74A7BB85260F69630041A18A /* ServiceRespond.swift */; };
		74A7BB8A260F69810041A18A /* ServiceProviderHeader.swift in Sources */ = {isa = PBXBuildFile; fileRef = 74A7BB89260F69810041A18A /* ServiceProviderHeader.swift */; };
		74A7BB91260F76E90041A18A /* FormViewParser.swift in Sources */ = {isa = PBXBuildFile; fileRef = 74A7BB90260F76E90041A18A /* FormViewParser.swift */; };
		74A7BB98260F77590041A18A /* FormView.swift in Sources */ = {isa = PBXBuildFile; fileRef = 74A7BB97260F77590041A18A /* FormView.swift */; };
		74A7BB9D260F7C960041A18A /* TextView.swift in Sources */ = {isa = PBXBuildFile; fileRef = 74A7BB9C260F7C960041A18A /* TextView.swift */; };
		74A7BBA3260F7D450041A18A /* TextBoxView.swift in Sources */ = {isa = PBXBuildFile; fileRef = 74A7BBA2260F7D450041A18A /* TextBoxView.swift */; };
		74A7BBBB260F81FE0041A18A /* FormElementView.swift in Sources */ = {isa = PBXBuildFile; fileRef = 74A7BBBA260F81FE0041A18A /* FormElementView.swift */; };
		74A7BBC5260F8CF40041A18A /* DateView.swift in Sources */ = {isa = PBXBuildFile; fileRef = 74A7BBC4260F8CF40041A18A /* DateView.swift */; };
		74A7BBC9260F8DB80041A18A /* TimeView.swift in Sources */ = {isa = PBXBuildFile; fileRef = 74A7BBC8260F8DB80041A18A /* TimeView.swift */; };
		74A7BBCD260F8F5B0041A18A /* TelephoneView.swift in Sources */ = {isa = PBXBuildFile; fileRef = 74A7BBCC260F8F5B0041A18A /* TelephoneView.swift */; };
		74A7BBD2260FA3B10041A18A /* ElementsForm.swift in Sources */ = {isa = PBXBuildFile; fileRef = 74A7BBD1260FA3B10041A18A /* ElementsForm.swift */; };
		74A7BBDE260FD2E70041A18A /* Endpoints.swift in Sources */ = {isa = PBXBuildFile; fileRef = 74A7BBDD260FD2E70041A18A /* Endpoints.swift */; };
		74A7BBE4260FD3AF0041A18A /* ServerService.swift in Sources */ = {isa = PBXBuildFile; fileRef = 74A7BBE3260FD3AF0041A18A /* ServerService.swift */; };
		74A7BBFE260FDDFC0041A18A /* PickerView.swift in Sources */ = {isa = PBXBuildFile; fileRef = 74A7BBFD260FDDFC0041A18A /* PickerView.swift */; };
		74A7BC1C260FEAF20041A18A /* Images.xcassets in Resources */ = {isa = PBXBuildFile; fileRef = 74A7BC1B260FEAF20041A18A /* Images.xcassets */; };
		74A7BC20260FF4FA0041A18A /* CustomNavigationBar.swift in Sources */ = {isa = PBXBuildFile; fileRef = 74A7BC1F260FF4FA0041A18A /* CustomNavigationBar.swift */; };
		74A7BC25260FFA780041A18A /* ServicesViewController.swift in Sources */ = {isa = PBXBuildFile; fileRef = 74A7BC24260FFA780041A18A /* ServicesViewController.swift */; };
		74A7BC2A261004EA0041A18A /* ServiceEntity.swift in Sources */ = {isa = PBXBuildFile; fileRef = 74A7BC29261004EA0041A18A /* ServiceEntity.swift */; };
		74A7BC30261006A80041A18A /* ServiceCollectionViewCell.swift in Sources */ = {isa = PBXBuildFile; fileRef = 74A7BC2F261006A80041A18A /* ServiceCollectionViewCell.swift */; };
		74A7BC3526101E950041A18A /* AllElementsViewController.swift in Sources */ = {isa = PBXBuildFile; fileRef = 74A7BC3426101E950041A18A /* AllElementsViewController.swift */; };
		74A7BC3B26101FEC0041A18A /* ElementCollectionViewCell.swift in Sources */ = {isa = PBXBuildFile; fileRef = 74A7BC3A26101FEC0041A18A /* ElementCollectionViewCell.swift */; };
		74A7BC402610240A0041A18A /* ElementViewController.swift in Sources */ = {isa = PBXBuildFile; fileRef = 74A7BC3F2610240A0041A18A /* ElementViewController.swift */; };
		74A7BC4C26103C070041A18A /* ServiceRequest.swift in Sources */ = {isa = PBXBuildFile; fileRef = 74A7BC4B26103C060041A18A /* ServiceRequest.swift */; };
		74A7BC5026103C4D0041A18A /* BookingFee.swift in Sources */ = {isa = PBXBuildFile; fileRef = 74A7BC4F26103C4D0041A18A /* BookingFee.swift */; };
		74A7BC5426107FB60041A18A /* BookIdData.swift in Sources */ = {isa = PBXBuildFile; fileRef = 74A7BC5326107FB60041A18A /* BookIdData.swift */; };
		74A7BC59261081CD0041A18A /* AllBookingsViewController.swift in Sources */ = {isa = PBXBuildFile; fileRef = 74A7BC58261081CD0041A18A /* AllBookingsViewController.swift */; };
		74A7BC5D261087F30041A18A /* OverviewViewController.swift in Sources */ = {isa = PBXBuildFile; fileRef = 74A7BC5C261087F30041A18A /* OverviewViewController.swift */; };
		F827DB51F10DFB160E0DEC1B /* Pods_Domodedovo.framework in Frameworks */ = {isa = PBXBuildFile; fileRef = 3988C05D4FE92A9B98A14638 /* Pods_Domodedovo.framework */; };
/* End PBXBuildFile section */

/* Begin PBXContainerItemProxy section */
		74A7BB7E260F690A0041A18A /* PBXContainerItemProxy */ = {
			isa = PBXContainerItemProxy;
			containerPortal = 74A7BA8B260F13830041A18A /* Project object */;
			proxyType = 1;
			remoteGlobalIDString = 74A7BA92260F13830041A18A;
			remoteInfo = Domodedovo;
		};
/* End PBXContainerItemProxy section */

/* Begin PBXFileReference section */
		3988C05D4FE92A9B98A14638 /* Pods_Domodedovo.framework */ = {isa = PBXFileReference; explicitFileType = wrapper.framework; includeInIndex = 0; path = Pods_Domodedovo.framework; sourceTree = BUILT_PRODUCTS_DIR; };
		74A7BA93260F13830041A18A /* Domodedovo.app */ = {isa = PBXFileReference; explicitFileType = wrapper.application; includeInIndex = 0; path = Domodedovo.app; sourceTree = BUILT_PRODUCTS_DIR; };
		74A7BA96260F13830041A18A /* AppDelegate.swift */ = {isa = PBXFileReference; lastKnownFileType = sourcecode.swift; path = AppDelegate.swift; sourceTree = "<group>"; };
		74A7BA98260F13830041A18A /* SceneDelegate.swift */ = {isa = PBXFileReference; lastKnownFileType = sourcecode.swift; path = SceneDelegate.swift; sourceTree = "<group>"; };
		74A7BA9F260F13890041A18A /* Assets.xcassets */ = {isa = PBXFileReference; lastKnownFileType = folder.assetcatalog; path = Assets.xcassets; sourceTree = "<group>"; };
		74A7BAA2260F13890041A18A /* Base */ = {isa = PBXFileReference; lastKnownFileType = file.storyboard; name = Base; path = Base.lproj/LaunchScreen.storyboard; sourceTree = "<group>"; };
		74A7BAA4260F13890041A18A /* Info.plist */ = {isa = PBXFileReference; lastKnownFileType = text.plist.xml; path = Info.plist; sourceTree = "<group>"; };
		74A7BAAD260F1A190041A18A /* CustomButton.swift */ = {isa = PBXFileReference; lastKnownFileType = sourcecode.swift; path = CustomButton.swift; sourceTree = "<group>"; };
		74A7BAB1260F1A820041A18A /* Colors.xcassets */ = {isa = PBXFileReference; lastKnownFileType = folder.assetcatalog; path = Colors.xcassets; sourceTree = "<group>"; };
		74A7BADC260F34520041A18A /* libMaterialComponents.a */ = {isa = PBXFileReference; explicitFileType = archive.ar; path = libMaterialComponents.a; sourceTree = BUILT_PRODUCTS_DIR; };
		74A7BADF260F34850041A18A /* libMDFInternationalization.a */ = {isa = PBXFileReference; explicitFileType = archive.ar; path = libMDFInternationalization.a; sourceTree = BUILT_PRODUCTS_DIR; };
		74A7BAE0260F34850041A18A /* libMDFTextAccessibility.a */ = {isa = PBXFileReference; explicitFileType = archive.ar; path = libMDFTextAccessibility.a; sourceTree = BUILT_PRODUCTS_DIR; };
		74A7BAE1260F34850041A18A /* libMotionAnimator.a */ = {isa = PBXFileReference; explicitFileType = archive.ar; path = libMotionAnimator.a; sourceTree = BUILT_PRODUCTS_DIR; };
		74A7BAE2260F34850041A18A /* libMotionInterchange.a */ = {isa = PBXFileReference; explicitFileType = archive.ar; path = libMotionInterchange.a; sourceTree = BUILT_PRODUCTS_DIR; };
		74A7BAE4260F34850041A18A /* MaterialIcons_ic_arrow_back.bundle */ = {isa = PBXFileReference; explicitFileType = wrapper.cfbundle; path = MaterialIcons_ic_arrow_back.bundle; sourceTree = BUILT_PRODUCTS_DIR; };
		74A7BAE5260F34850041A18A /* MaterialIcons_ic_check_circle.bundle */ = {isa = PBXFileReference; explicitFileType = wrapper.cfbundle; path = MaterialIcons_ic_check_circle.bundle; sourceTree = BUILT_PRODUCTS_DIR; };
		74A7BAE6260F34850041A18A /* MaterialIcons_ic_check.bundle */ = {isa = PBXFileReference; explicitFileType = wrapper.cfbundle; path = MaterialIcons_ic_check.bundle; sourceTree = BUILT_PRODUCTS_DIR; };
		74A7BAE7260F34850041A18A /* MaterialIcons_ic_chevron_right.bundle */ = {isa = PBXFileReference; explicitFileType = wrapper.cfbundle; path = MaterialIcons_ic_chevron_right.bundle; sourceTree = BUILT_PRODUCTS_DIR; };
		74A7BAE8260F34850041A18A /* MaterialIcons_ic_color_lens.bundle */ = {isa = PBXFileReference; explicitFileType = wrapper.cfbundle; path = MaterialIcons_ic_color_lens.bundle; sourceTree = BUILT_PRODUCTS_DIR; };
		74A7BAE9260F34850041A18A /* MaterialIcons_ic_feedback.bundle */ = {isa = PBXFileReference; explicitFileType = wrapper.cfbundle; path = MaterialIcons_ic_feedback.bundle; sourceTree = BUILT_PRODUCTS_DIR; };
		74A7BAEA260F34850041A18A /* MaterialIcons_ic_help_outline.bundle */ = {isa = PBXFileReference; explicitFileType = wrapper.cfbundle; path = MaterialIcons_ic_help_outline.bundle; sourceTree = BUILT_PRODUCTS_DIR; };
		74A7BAEB260F34850041A18A /* MaterialIcons_ic_info.bundle */ = {isa = PBXFileReference; explicitFileType = wrapper.cfbundle; path = MaterialIcons_ic_info.bundle; sourceTree = BUILT_PRODUCTS_DIR; };
		74A7BAEC260F34850041A18A /* MaterialIcons_ic_more_horiz.bundle */ = {isa = PBXFileReference; explicitFileType = wrapper.cfbundle; path = MaterialIcons_ic_more_horiz.bundle; sourceTree = BUILT_PRODUCTS_DIR; };
		74A7BAED260F34850041A18A /* MaterialIcons_ic_radio_button_unchecked.bundle */ = {isa = PBXFileReference; explicitFileType = wrapper.cfbundle; path = MaterialIcons_ic_radio_button_unchecked.bundle; sourceTree = BUILT_PRODUCTS_DIR; };
		74A7BAEE260F34850041A18A /* MaterialIcons_ic_reorder.bundle */ = {isa = PBXFileReference; explicitFileType = wrapper.cfbundle; path = MaterialIcons_ic_reorder.bundle; sourceTree = BUILT_PRODUCTS_DIR; };
		74A7BAEF260F34850041A18A /* MaterialIcons_ic_settings.bundle */ = {isa = PBXFileReference; explicitFileType = wrapper.cfbundle; path = MaterialIcons_ic_settings.bundle; sourceTree = BUILT_PRODUCTS_DIR; };
		74A7BB17260F35950041A18A /* libMaterialComponents.a */ = {isa = PBXFileReference; explicitFileType = archive.ar; path = libMaterialComponents.a; sourceTree = BUILT_PRODUCTS_DIR; };
		74A7BB5A260F497D0041A18A /* WelcomeViewController.swift */ = {isa = PBXFileReference; lastKnownFileType = sourcecode.swift; path = WelcomeViewController.swift; sourceTree = "<group>"; };
		74A7BB63260F618D0041A18A /* ServiceForm.swift */ = {isa = PBXFileReference; lastKnownFileType = sourcecode.swift; path = ServiceForm.swift; sourceTree = "<group>"; };
		74A7BB66260F61C60041A18A /* ServiceFormPage.swift */ = {isa = PBXFileReference; lastKnownFileType = sourcecode.swift; path = ServiceFormPage.swift; sourceTree = "<group>"; };
		74A7BB69260F62A80041A18A /* ServiceFormElement.swift */ = {isa = PBXFileReference; lastKnownFileType = sourcecode.swift; path = ServiceFormElement.swift; sourceTree = "<group>"; };
		74A7BB6C260F64820041A18A /* ServiceElement.swift */ = {isa = PBXFileReference; lastKnownFileType = sourcecode.swift; path = ServiceElement.swift; sourceTree = "<group>"; };
		74A7BB6F260F66440041A18A /* ElementType.swift */ = {isa = PBXFileReference; lastKnownFileType = sourcecode.swift; path = ElementType.swift; sourceTree = "<group>"; };
		74A7BB72260F68290041A18A /* ContentCategory.swift */ = {isa = PBXFileReference; lastKnownFileType = sourcecode.swift; path = ContentCategory.swift; sourceTree = "<group>"; };
		74A7BB79260F690A0041A18A /* DomodedovoTests.xctest */ = {isa = PBXFileReference; explicitFileType = wrapper.cfbundle; includeInIndex = 0; path = DomodedovoTests.xctest; sourceTree = BUILT_PRODUCTS_DIR; };
		74A7BB7B260F690A0041A18A /* DomodedovoTests.swift */ = {isa = PBXFileReference; lastKnownFileType = sourcecode.swift; path = DomodedovoTests.swift; sourceTree = "<group>"; };
		74A7BB7D260F690A0041A18A /* Info.plist */ = {isa = PBXFileReference; lastKnownFileType = text.plist.xml; path = Info.plist; sourceTree = "<group>"; };
		74A7BB85260F69630041A18A /* ServiceRespond.swift */ = {isa = PBXFileReference; lastKnownFileType = sourcecode.swift; path = ServiceRespond.swift; sourceTree = "<group>"; };
		74A7BB89260F69810041A18A /* ServiceProviderHeader.swift */ = {isa = PBXFileReference; lastKnownFileType = sourcecode.swift; path = ServiceProviderHeader.swift; sourceTree = "<group>"; };
		74A7BB90260F76E90041A18A /* FormViewParser.swift */ = {isa = PBXFileReference; lastKnownFileType = sourcecode.swift; path = FormViewParser.swift; sourceTree = "<group>"; };
		74A7BB97260F77590041A18A /* FormView.swift */ = {isa = PBXFileReference; lastKnownFileType = sourcecode.swift; path = FormView.swift; sourceTree = "<group>"; };
		74A7BB9C260F7C960041A18A /* TextView.swift */ = {isa = PBXFileReference; lastKnownFileType = sourcecode.swift; path = TextView.swift; sourceTree = "<group>"; };
		74A7BBA2260F7D450041A18A /* TextBoxView.swift */ = {isa = PBXFileReference; lastKnownFileType = sourcecode.swift; path = TextBoxView.swift; sourceTree = "<group>"; };
		74A7BBBA260F81FE0041A18A /* FormElementView.swift */ = {isa = PBXFileReference; lastKnownFileType = sourcecode.swift; path = FormElementView.swift; sourceTree = "<group>"; };
		74A7BBC4260F8CF40041A18A /* DateView.swift */ = {isa = PBXFileReference; lastKnownFileType = sourcecode.swift; path = DateView.swift; sourceTree = "<group>"; };
		74A7BBC8260F8DB80041A18A /* TimeView.swift */ = {isa = PBXFileReference; lastKnownFileType = sourcecode.swift; path = TimeView.swift; sourceTree = "<group>"; };
		74A7BBCC260F8F5B0041A18A /* TelephoneView.swift */ = {isa = PBXFileReference; lastKnownFileType = sourcecode.swift; path = TelephoneView.swift; sourceTree = "<group>"; };
		74A7BBD1260FA3B10041A18A /* ElementsForm.swift */ = {isa = PBXFileReference; lastKnownFileType = sourcecode.swift; path = ElementsForm.swift; sourceTree = "<group>"; };
		74A7BBDD260FD2E70041A18A /* Endpoints.swift */ = {isa = PBXFileReference; lastKnownFileType = sourcecode.swift; path = Endpoints.swift; sourceTree = "<group>"; };
		74A7BBE3260FD3AF0041A18A /* ServerService.swift */ = {isa = PBXFileReference; lastKnownFileType = sourcecode.swift; path = ServerService.swift; sourceTree = "<group>"; };
		74A7BBFD260FDDFC0041A18A /* PickerView.swift */ = {isa = PBXFileReference; lastKnownFileType = sourcecode.swift; path = PickerView.swift; sourceTree = "<group>"; };
		74A7BC1B260FEAF20041A18A /* Images.xcassets */ = {isa = PBXFileReference; lastKnownFileType = folder.assetcatalog; path = Images.xcassets; sourceTree = "<group>"; };
		74A7BC1F260FF4FA0041A18A /* CustomNavigationBar.swift */ = {isa = PBXFileReference; lastKnownFileType = sourcecode.swift; path = CustomNavigationBar.swift; sourceTree = "<group>"; };
		74A7BC24260FFA780041A18A /* ServicesViewController.swift */ = {isa = PBXFileReference; lastKnownFileType = sourcecode.swift; path = ServicesViewController.swift; sourceTree = "<group>"; };
		74A7BC29261004EA0041A18A /* ServiceEntity.swift */ = {isa = PBXFileReference; lastKnownFileType = sourcecode.swift; path = ServiceEntity.swift; sourceTree = "<group>"; };
		74A7BC2F261006A80041A18A /* ServiceCollectionViewCell.swift */ = {isa = PBXFileReference; lastKnownFileType = sourcecode.swift; path = ServiceCollectionViewCell.swift; sourceTree = "<group>"; };
		74A7BC3426101E950041A18A /* AllElementsViewController.swift */ = {isa = PBXFileReference; lastKnownFileType = sourcecode.swift; path = AllElementsViewController.swift; sourceTree = "<group>"; };
		74A7BC3A26101FEC0041A18A /* ElementCollectionViewCell.swift */ = {isa = PBXFileReference; lastKnownFileType = sourcecode.swift; path = ElementCollectionViewCell.swift; sourceTree = "<group>"; };
		74A7BC3F2610240A0041A18A /* ElementViewController.swift */ = {isa = PBXFileReference; lastKnownFileType = sourcecode.swift; path = ElementViewController.swift; sourceTree = "<group>"; };
		74A7BC4B26103C060041A18A /* ServiceRequest.swift */ = {isa = PBXFileReference; lastKnownFileType = sourcecode.swift; path = ServiceRequest.swift; sourceTree = "<group>"; };
		74A7BC4F26103C4D0041A18A /* BookingFee.swift */ = {isa = PBXFileReference; lastKnownFileType = sourcecode.swift; path = BookingFee.swift; sourceTree = "<group>"; };
		74A7BC5326107FB60041A18A /* BookIdData.swift */ = {isa = PBXFileReference; lastKnownFileType = sourcecode.swift; path = BookIdData.swift; sourceTree = "<group>"; };
		74A7BC58261081CD0041A18A /* AllBookingsViewController.swift */ = {isa = PBXFileReference; lastKnownFileType = sourcecode.swift; path = AllBookingsViewController.swift; sourceTree = "<group>"; };
		74A7BC5C261087F30041A18A /* OverviewViewController.swift */ = {isa = PBXFileReference; lastKnownFileType = sourcecode.swift; path = OverviewViewController.swift; sourceTree = "<group>"; };
		7514699FA74419AEE55BE082 /* Pods-Domodedovo.debug.xcconfig */ = {isa = PBXFileReference; includeInIndex = 1; lastKnownFileType = text.xcconfig; name = "Pods-Domodedovo.debug.xcconfig"; path = "Target Support Files/Pods-Domodedovo/Pods-Domodedovo.debug.xcconfig"; sourceTree = "<group>"; };
		752E8D0A170A02AF825464C0 /* Pods-Domodedovo.release.xcconfig */ = {isa = PBXFileReference; includeInIndex = 1; lastKnownFileType = text.xcconfig; name = "Pods-Domodedovo.release.xcconfig"; path = "Target Support Files/Pods-Domodedovo/Pods-Domodedovo.release.xcconfig"; sourceTree = "<group>"; };
/* End PBXFileReference section */

/* Begin PBXFrameworksBuildPhase section */
		74A7BA90260F13830041A18A /* Frameworks */ = {
			isa = PBXFrameworksBuildPhase;
			buildActionMask = 2147483647;
			files = (
				F827DB51F10DFB160E0DEC1B /* Pods_Domodedovo.framework in Frameworks */,
			);
			runOnlyForDeploymentPostprocessing = 0;
		};
		74A7BB76260F690A0041A18A /* Frameworks */ = {
			isa = PBXFrameworksBuildPhase;
			buildActionMask = 2147483647;
			files = (
			);
			runOnlyForDeploymentPostprocessing = 0;
		};
/* End PBXFrameworksBuildPhase section */

/* Begin PBXGroup section */
		4DAC81438402BCB136F76E84 /* Pods */ = {
			isa = PBXGroup;
			children = (
				7514699FA74419AEE55BE082 /* Pods-Domodedovo.debug.xcconfig */,
				752E8D0A170A02AF825464C0 /* Pods-Domodedovo.release.xcconfig */,
			);
			path = Pods;
			sourceTree = "<group>";
		};
		74A7BA8A260F13820041A18A = {
			isa = PBXGroup;
			children = (
				74A7BA95260F13830041A18A /* Domodedovo */,
				74A7BB7A260F690A0041A18A /* DomodedovoTests */,
				74A7BA94260F13830041A18A /* Products */,
				4DAC81438402BCB136F76E84 /* Pods */,
				E42F42C401200922BC19464B /* Frameworks */,
			);
			sourceTree = "<group>";
		};
		74A7BA94260F13830041A18A /* Products */ = {
			isa = PBXGroup;
			children = (
				74A7BA93260F13830041A18A /* Domodedovo.app */,
				74A7BB79260F690A0041A18A /* DomodedovoTests.xctest */,
			);
			name = Products;
			sourceTree = "<group>";
		};
		74A7BA95260F13830041A18A /* Domodedovo */ = {
			isa = PBXGroup;
			children = (
				74A7BC28261004D60041A18A /* Entities */,
				74A7BBDB260FD2CC0041A18A /* Services */,
				74A7BB8F260F76D80041A18A /* ViewParser */,
				74A7BB62260F617D0041A18A /* Form */,
				74A7BB58260F495D0041A18A /* Views */,
				74A7BAAC260F19CE0041A18A /* CustomViews */,
				74A7BA96260F13830041A18A /* AppDelegate.swift */,
				74A7BA98260F13830041A18A /* SceneDelegate.swift */,
				74A7BA9F260F13890041A18A /* Assets.xcassets */,
				74A7BAA1260F13890041A18A /* LaunchScreen.storyboard */,
				74A7BAA4260F13890041A18A /* Info.plist */,
				74A7BAB1260F1A820041A18A /* Colors.xcassets */,
				74A7BC1B260FEAF20041A18A /* Images.xcassets */,
			);
			path = Domodedovo;
			sourceTree = "<group>";
		};
		74A7BAAC260F19CE0041A18A /* CustomViews */ = {
			isa = PBXGroup;
			children = (
				74A7BAAD260F1A190041A18A /* CustomButton.swift */,
				74A7BC1F260FF4FA0041A18A /* CustomNavigationBar.swift */,
			);
			path = CustomViews;
			sourceTree = "<group>";
		};
		74A7BB58260F495D0041A18A /* Views */ = {
			isa = PBXGroup;
			children = (
				74A7BC57261081B10041A18A /* BookingView */,
				74A7BC3E261023F10041A18A /* ElementView */,
				74A7BC3326101E790041A18A /* AllElementsViews */,
				74A7BC23260FF9FE0041A18A /* ServicesView */,
				74A7BB96260F77450041A18A /* Form */,
				74A7BB59260F49620041A18A /* WelcomeView */,
				74A7BC5C261087F30041A18A /* OverviewViewController.swift */,
			);
			path = Views;
			sourceTree = "<group>";
		};
		74A7BB59260F49620041A18A /* WelcomeView */ = {
			isa = PBXGroup;
			children = (
				74A7BB5A260F497D0041A18A /* WelcomeViewController.swift */,
			);
			path = WelcomeView;
			sourceTree = "<group>";
		};
		74A7BB62260F617D0041A18A /* Form */ = {
			isa = PBXGroup;
			children = (
				74A7BB63260F618D0041A18A /* ServiceForm.swift */,
				74A7BB66260F61C60041A18A /* ServiceFormPage.swift */,
				74A7BB69260F62A80041A18A /* ServiceFormElement.swift */,
				74A7BB6C260F64820041A18A /* ServiceElement.swift */,
				74A7BB6F260F66440041A18A /* ElementType.swift */,
				74A7BB72260F68290041A18A /* ContentCategory.swift */,
				74A7BB85260F69630041A18A /* ServiceRespond.swift */,
				74A7BB89260F69810041A18A /* ServiceProviderHeader.swift */,
				74A7BC4B26103C060041A18A /* ServiceRequest.swift */,
				74A7BC4F26103C4D0041A18A /* BookingFee.swift */,
			);
			path = Form;
			sourceTree = "<group>";
		};
		74A7BB7A260F690A0041A18A /* DomodedovoTests */ = {
			isa = PBXGroup;
			children = (
				74A7BB7B260F690A0041A18A /* DomodedovoTests.swift */,
				74A7BB7D260F690A0041A18A /* Info.plist */,
			);
			path = DomodedovoTests;
			sourceTree = "<group>";
		};
		74A7BB8F260F76D80041A18A /* ViewParser */ = {
			isa = PBXGroup;
			children = (
				74A7BB90260F76E90041A18A /* FormViewParser.swift */,
			);
			path = ViewParser;
			sourceTree = "<group>";
		};
		74A7BB96260F77450041A18A /* Form */ = {
			isa = PBXGroup;
			children = (
				74A7BBD0260FA2EE0041A18A /* ElementsForm */,
				74A7BB9B260F7C810041A18A /* Elements */,
				74A7BB97260F77590041A18A /* FormView.swift */,
			);
			path = Form;
			sourceTree = "<group>";
		};
		74A7BB9B260F7C810041A18A /* Elements */ = {
			isa = PBXGroup;
			children = (
				74A7BBFC260FDDDF0041A18A /* PickerView */,
				74A7BB9C260F7C960041A18A /* TextView.swift */,
				74A7BBA2260F7D450041A18A /* TextBoxView.swift */,
				74A7BBBA260F81FE0041A18A /* FormElementView.swift */,
				74A7BBC4260F8CF40041A18A /* DateView.swift */,
				74A7BBC8260F8DB80041A18A /* TimeView.swift */,
				74A7BBCC260F8F5B0041A18A /* TelephoneView.swift */,
			);
			path = Elements;
			sourceTree = "<group>";
		};
		74A7BBD0260FA2EE0041A18A /* ElementsForm */ = {
			isa = PBXGroup;
			children = (
				74A7BBD1260FA3B10041A18A /* ElementsForm.swift */,
			);
			path = ElementsForm;
			sourceTree = "<group>";
		};
		74A7BBDB260FD2CC0041A18A /* Services */ = {
			isa = PBXGroup;
			children = (
				74A7BBDC260FD2D20041A18A /* Server */,
			);
			path = Services;
			sourceTree = "<group>";
		};
		74A7BBDC260FD2D20041A18A /* Server */ = {
			isa = PBXGroup;
			children = (
				74A7BBDD260FD2E70041A18A /* Endpoints.swift */,
				74A7BBE3260FD3AF0041A18A /* ServerService.swift */,
			);
			path = Server;
			sourceTree = "<group>";
		};
		74A7BBFC260FDDDF0041A18A /* PickerView */ = {
			isa = PBXGroup;
			children = (
				74A7BBFD260FDDFC0041A18A /* PickerView.swift */,
			);
			path = PickerView;
			sourceTree = "<group>";
		};
		74A7BC23260FF9FE0041A18A /* ServicesView */ = {
			isa = PBXGroup;
			children = (
				74A7BC24260FFA780041A18A /* ServicesViewController.swift */,
				74A7BC2F261006A80041A18A /* ServiceCollectionViewCell.swift */,
			);
			path = ServicesView;
			sourceTree = "<group>";
		};
		74A7BC28261004D60041A18A /* Entities */ = {
			isa = PBXGroup;
			children = (
				74A7BC29261004EA0041A18A /* ServiceEntity.swift */,
				74A7BC5326107FB60041A18A /* BookIdData.swift */,
			);
			path = Entities;
			sourceTree = "<group>";
		};
		74A7BC3326101E790041A18A /* AllElementsViews */ = {
			isa = PBXGroup;
			children = (
				74A7BC3426101E950041A18A /* AllElementsViewController.swift */,
				74A7BC3A26101FEC0041A18A /* ElementCollectionViewCell.swift */,
			);
			path = AllElementsViews;
			sourceTree = "<group>";
		};
		74A7BC3E261023F10041A18A /* ElementView */ = {
			isa = PBXGroup;
			children = (
				74A7BC3F2610240A0041A18A /* ElementViewController.swift */,
			);
			path = ElementView;
			sourceTree = "<group>";
		};
		74A7BC57261081B10041A18A /* BookingView */ = {
			isa = PBXGroup;
			children = (
				74A7BC58261081CD0041A18A /* AllBookingsViewController.swift */,
			);
			path = BookingView;
			sourceTree = "<group>";
		};
		E42F42C401200922BC19464B /* Frameworks */ = {
			isa = PBXGroup;
			children = (
				74A7BB17260F35950041A18A /* libMaterialComponents.a */,
				74A7BADF260F34850041A18A /* libMDFInternationalization.a */,
				74A7BAE0260F34850041A18A /* libMDFTextAccessibility.a */,
				74A7BAE1260F34850041A18A /* libMotionAnimator.a */,
				74A7BAE2260F34850041A18A /* libMotionInterchange.a */,
				74A7BAE4260F34850041A18A /* MaterialIcons_ic_arrow_back.bundle */,
				74A7BAE5260F34850041A18A /* MaterialIcons_ic_check_circle.bundle */,
				74A7BAE6260F34850041A18A /* MaterialIcons_ic_check.bundle */,
				74A7BAE7260F34850041A18A /* MaterialIcons_ic_chevron_right.bundle */,
				74A7BAE8260F34850041A18A /* MaterialIcons_ic_color_lens.bundle */,
				74A7BAE9260F34850041A18A /* MaterialIcons_ic_feedback.bundle */,
				74A7BAEA260F34850041A18A /* MaterialIcons_ic_help_outline.bundle */,
				74A7BAEB260F34850041A18A /* MaterialIcons_ic_info.bundle */,
				74A7BAEC260F34850041A18A /* MaterialIcons_ic_more_horiz.bundle */,
				74A7BAED260F34850041A18A /* MaterialIcons_ic_radio_button_unchecked.bundle */,
				74A7BAEE260F34850041A18A /* MaterialIcons_ic_reorder.bundle */,
				74A7BAEF260F34850041A18A /* MaterialIcons_ic_settings.bundle */,
				74A7BADC260F34520041A18A /* libMaterialComponents.a */,
				3988C05D4FE92A9B98A14638 /* Pods_Domodedovo.framework */,
			);
			name = Frameworks;
			sourceTree = "<group>";
		};
/* End PBXGroup section */

/* Begin PBXNativeTarget section */
		74A7BA92260F13830041A18A /* Domodedovo */ = {
			isa = PBXNativeTarget;
			buildConfigurationList = 74A7BAA7260F13890041A18A /* Build configuration list for PBXNativeTarget "Domodedovo" */;
			buildPhases = (
				ABFD4C9590BCF389586E6D26 /* [CP] Check Pods Manifest.lock */,
				74A7BA8F260F13830041A18A /* Sources */,
				74A7BA90260F13830041A18A /* Frameworks */,
				74A7BA91260F13830041A18A /* Resources */,
				56C896A18499EC991AA9A831 /* [CP] Embed Pods Frameworks */,
			);
			buildRules = (
			);
			dependencies = (
			);
			name = Domodedovo;
			productName = Domodedovo;
			productReference = 74A7BA93260F13830041A18A /* Domodedovo.app */;
			productType = "com.apple.product-type.application";
		};
		74A7BB78260F690A0041A18A /* DomodedovoTests */ = {
			isa = PBXNativeTarget;
			buildConfigurationList = 74A7BB80260F690A0041A18A /* Build configuration list for PBXNativeTarget "DomodedovoTests" */;
			buildPhases = (
				74A7BB75260F690A0041A18A /* Sources */,
				74A7BB76260F690A0041A18A /* Frameworks */,
				74A7BB77260F690A0041A18A /* Resources */,
			);
			buildRules = (
			);
			dependencies = (
				74A7BB7F260F690A0041A18A /* PBXTargetDependency */,
			);
			name = DomodedovoTests;
			productName = DomodedovoTests;
			productReference = 74A7BB79260F690A0041A18A /* DomodedovoTests.xctest */;
			productType = "com.apple.product-type.bundle.unit-test";
		};
/* End PBXNativeTarget section */

/* Begin PBXProject section */
		74A7BA8B260F13830041A18A /* Project object */ = {
			isa = PBXProject;
			attributes = {
				LastSwiftUpdateCheck = 1230;
				LastUpgradeCheck = 1230;
				TargetAttributes = {
					74A7BA92260F13830041A18A = {
						CreatedOnToolsVersion = 12.3;
					};
					74A7BB78260F690A0041A18A = {
						CreatedOnToolsVersion = 12.3;
						TestTargetID = 74A7BA92260F13830041A18A;
					};
				};
			};
			buildConfigurationList = 74A7BA8E260F13830041A18A /* Build configuration list for PBXProject "Domodedovo" */;
			compatibilityVersion = "Xcode 9.3";
			developmentRegion = en;
			hasScannedForEncodings = 0;
			knownRegions = (
				en,
				Base,
			);
			mainGroup = 74A7BA8A260F13820041A18A;
			productRefGroup = 74A7BA94260F13830041A18A /* Products */;
			projectDirPath = "";
			projectRoot = "";
			targets = (
				74A7BA92260F13830041A18A /* Domodedovo */,
				74A7BB78260F690A0041A18A /* DomodedovoTests */,
			);
		};
/* End PBXProject section */

/* Begin PBXResourcesBuildPhase section */
		74A7BA91260F13830041A18A /* Resources */ = {
			isa = PBXResourcesBuildPhase;
			buildActionMask = 2147483647;
			files = (
				74A7BAB2260F1A820041A18A /* Colors.xcassets in Resources */,
				74A7BC1C260FEAF20041A18A /* Images.xcassets in Resources */,
				74A7BAA3260F13890041A18A /* LaunchScreen.storyboard in Resources */,
				74A7BAA0260F13890041A18A /* Assets.xcassets in Resources */,
			);
			runOnlyForDeploymentPostprocessing = 0;
		};
		74A7BB77260F690A0041A18A /* Resources */ = {
			isa = PBXResourcesBuildPhase;
			buildActionMask = 2147483647;
			files = (
			);
			runOnlyForDeploymentPostprocessing = 0;
		};
/* End PBXResourcesBuildPhase section */

/* Begin PBXShellScriptBuildPhase section */
		56C896A18499EC991AA9A831 /* [CP] Embed Pods Frameworks */ = {
			isa = PBXShellScriptBuildPhase;
			buildActionMask = 2147483647;
			files = (
			);
			inputFileListPaths = (
				"${PODS_ROOT}/Target Support Files/Pods-Domodedovo/Pods-Domodedovo-frameworks-${CONFIGURATION}-input-files.xcfilelist",
			);
			name = "[CP] Embed Pods Frameworks";
			outputFileListPaths = (
				"${PODS_ROOT}/Target Support Files/Pods-Domodedovo/Pods-Domodedovo-frameworks-${CONFIGURATION}-output-files.xcfilelist",
			);
			runOnlyForDeploymentPostprocessing = 0;
			shellPath = /bin/sh;
			shellScript = "\"${PODS_ROOT}/Target Support Files/Pods-Domodedovo/Pods-Domodedovo-frameworks.sh\"\n";
			showEnvVarsInLog = 0;
		};
		ABFD4C9590BCF389586E6D26 /* [CP] Check Pods Manifest.lock */ = {
			isa = PBXShellScriptBuildPhase;
			buildActionMask = 2147483647;
			files = (
			);
			inputFileListPaths = (
			);
			inputPaths = (
				"${PODS_PODFILE_DIR_PATH}/Podfile.lock",
				"${PODS_ROOT}/Manifest.lock",
			);
			name = "[CP] Check Pods Manifest.lock";
			outputFileListPaths = (
			);
			outputPaths = (
				"$(DERIVED_FILE_DIR)/Pods-Domodedovo-checkManifestLockResult.txt",
			);
			runOnlyForDeploymentPostprocessing = 0;
			shellPath = /bin/sh;
			shellScript = "diff \"${PODS_PODFILE_DIR_PATH}/Podfile.lock\" \"${PODS_ROOT}/Manifest.lock\" > /dev/null\nif [ $? != 0 ] ; then\n    # print error to STDERR\n    echo \"error: The sandbox is not in sync with the Podfile.lock. Run 'pod install' or update your CocoaPods installation.\" >&2\n    exit 1\nfi\n# This output is used by Xcode 'outputs' to avoid re-running this script phase.\necho \"SUCCESS\" > \"${SCRIPT_OUTPUT_FILE_0}\"\n";
			showEnvVarsInLog = 0;
		};
/* End PBXShellScriptBuildPhase section */

/* Begin PBXSourcesBuildPhase section */
		74A7BA8F260F13830041A18A /* Sources */ = {
			isa = PBXSourcesBuildPhase;
			buildActionMask = 2147483647;
			files = (
				74A7BB8A260F69810041A18A /* ServiceProviderHeader.swift in Sources */,
				74A7BC3526101E950041A18A /* AllElementsViewController.swift in Sources */,
				74A7BAAE260F1A190041A18A /* CustomButton.swift in Sources */,
				74A7BBDE260FD2E70041A18A /* Endpoints.swift in Sources */,
				74A7BB64260F618D0041A18A /* ServiceForm.swift in Sources */,
				74A7BB73260F68290041A18A /* ContentCategory.swift in Sources */,
				74A7BB6A260F62A80041A18A /* ServiceFormElement.swift in Sources */,
				74A7BC5026103C4D0041A18A /* BookingFee.swift in Sources */,
				74A7BBBB260F81FE0041A18A /* FormElementView.swift in Sources */,
				74A7BBD2260FA3B10041A18A /* ElementsForm.swift in Sources */,
				74A7BC59261081CD0041A18A /* AllBookingsViewController.swift in Sources */,
				74A7BC4C26103C070041A18A /* ServiceRequest.swift in Sources */,
				74A7BBE4260FD3AF0041A18A /* ServerService.swift in Sources */,
				74A7BB6D260F64820041A18A /* ServiceElement.swift in Sources */,
				74A7BBFE260FDDFC0041A18A /* PickerView.swift in Sources */,
				74A7BC25260FFA780041A18A /* ServicesViewController.swift in Sources */,
				74A7BBC5260F8CF40041A18A /* DateView.swift in Sources */,
				74A7BB67260F61C60041A18A /* ServiceFormPage.swift in Sources */,
				74A7BB70260F66450041A18A /* ElementType.swift in Sources */,
				74A7BB91260F76E90041A18A /* FormViewParser.swift in Sources */,
				74A7BBA3260F7D450041A18A /* TextBoxView.swift in Sources */,
				74A7BC402610240A0041A18A /* ElementViewController.swift in Sources */,
				74A7BC30261006A80041A18A /* ServiceCollectionViewCell.swift in Sources */,
				74A7BBC9260F8DB80041A18A /* TimeView.swift in Sources */,
				74A7BB5B260F497D0041A18A /* WelcomeViewController.swift in Sources */,
				74A7BA97260F13830041A18A /* AppDelegate.swift in Sources */,
				74A7BC5426107FB60041A18A /* BookIdData.swift in Sources */,
				74A7BC20260FF4FA0041A18A /* CustomNavigationBar.swift in Sources */,
				74A7BC3B26101FEC0041A18A /* ElementCollectionViewCell.swift in Sources */,
				74A7BC5D261087F30041A18A /* OverviewViewController.swift in Sources */,
				74A7BA99260F13830041A18A /* SceneDelegate.swift in Sources */,
				74A7BB9D260F7C960041A18A /* TextView.swift in Sources */,
				74A7BC2A261004EA0041A18A /* ServiceEntity.swift in Sources */,
				74A7BBCD260F8F5B0041A18A /* TelephoneView.swift in Sources */,
				74A7BB98260F77590041A18A /* FormView.swift in Sources */,
				74A7BB86260F69630041A18A /* ServiceRespond.swift in Sources */,
			);
			runOnlyForDeploymentPostprocessing = 0;
		};
		74A7BB75260F690A0041A18A /* Sources */ = {
			isa = PBXSourcesBuildPhase;
			buildActionMask = 2147483647;
			files = (
				74A7BB7C260F690A0041A18A /* DomodedovoTests.swift in Sources */,
			);
			runOnlyForDeploymentPostprocessing = 0;
		};
/* End PBXSourcesBuildPhase section */

/* Begin PBXTargetDependency section */
		74A7BB7F260F690A0041A18A /* PBXTargetDependency */ = {
			isa = PBXTargetDependency;
			target = 74A7BA92260F13830041A18A /* Domodedovo */;
			targetProxy = 74A7BB7E260F690A0041A18A /* PBXContainerItemProxy */;
		};
/* End PBXTargetDependency section */

/* Begin PBXVariantGroup section */
		74A7BAA1260F13890041A18A /* LaunchScreen.storyboard */ = {
			isa = PBXVariantGroup;
			children = (
				74A7BAA2260F13890041A18A /* Base */,
			);
			name = LaunchScreen.storyboard;
			sourceTree = "<group>";
		};
/* End PBXVariantGroup section */

/* Begin XCBuildConfiguration section */
		74A7BAA5260F13890041A18A /* Debug */ = {
			isa = XCBuildConfiguration;
			buildSettings = {
				ALWAYS_SEARCH_USER_PATHS = NO;
				CLANG_ANALYZER_NONNULL = YES;
				CLANG_ANALYZER_NUMBER_OBJECT_CONVERSION = YES_AGGRESSIVE;
				CLANG_CXX_LANGUAGE_STANDARD = "gnu++14";
				CLANG_CXX_LIBRARY = "libc++";
				CLANG_ENABLE_MODULES = YES;
				CLANG_ENABLE_OBJC_ARC = YES;
				CLANG_ENABLE_OBJC_WEAK = YES;
				CLANG_WARN_BLOCK_CAPTURE_AUTORELEASING = YES;
				CLANG_WARN_BOOL_CONVERSION = YES;
				CLANG_WARN_COMMA = YES;
				CLANG_WARN_CONSTANT_CONVERSION = YES;
				CLANG_WARN_DEPRECATED_OBJC_IMPLEMENTATIONS = YES;
				CLANG_WARN_DIRECT_OBJC_ISA_USAGE = YES_ERROR;
				CLANG_WARN_DOCUMENTATION_COMMENTS = YES;
				CLANG_WARN_EMPTY_BODY = YES;
				CLANG_WARN_ENUM_CONVERSION = YES;
				CLANG_WARN_INFINITE_RECURSION = YES;
				CLANG_WARN_INT_CONVERSION = YES;
				CLANG_WARN_NON_LITERAL_NULL_CONVERSION = YES;
				CLANG_WARN_OBJC_IMPLICIT_RETAIN_SELF = YES;
				CLANG_WARN_OBJC_LITERAL_CONVERSION = YES;
				CLANG_WARN_OBJC_ROOT_CLASS = YES_ERROR;
				CLANG_WARN_QUOTED_INCLUDE_IN_FRAMEWORK_HEADER = YES;
				CLANG_WARN_RANGE_LOOP_ANALYSIS = YES;
				CLANG_WARN_STRICT_PROTOTYPES = YES;
				CLANG_WARN_SUSPICIOUS_MOVE = YES;
				CLANG_WARN_UNGUARDED_AVAILABILITY = YES_AGGRESSIVE;
				CLANG_WARN_UNREACHABLE_CODE = YES;
				CLANG_WARN__DUPLICATE_METHOD_MATCH = YES;
				COPY_PHASE_STRIP = NO;
				DEBUG_INFORMATION_FORMAT = dwarf;
				ENABLE_STRICT_OBJC_MSGSEND = YES;
				ENABLE_TESTABILITY = YES;
				GCC_C_LANGUAGE_STANDARD = gnu11;
				GCC_DYNAMIC_NO_PIC = NO;
				GCC_NO_COMMON_BLOCKS = YES;
				GCC_OPTIMIZATION_LEVEL = 0;
				GCC_PREPROCESSOR_DEFINITIONS = (
					"DEBUG=1",
					"$(inherited)",
				);
				GCC_WARN_64_TO_32_BIT_CONVERSION = YES;
				GCC_WARN_ABOUT_RETURN_TYPE = YES_ERROR;
				GCC_WARN_UNDECLARED_SELECTOR = YES;
				GCC_WARN_UNINITIALIZED_AUTOS = YES_AGGRESSIVE;
				GCC_WARN_UNUSED_FUNCTION = YES;
				GCC_WARN_UNUSED_VARIABLE = YES;
				IPHONEOS_DEPLOYMENT_TARGET = 14.3;
				MTL_ENABLE_DEBUG_INFO = INCLUDE_SOURCE;
				MTL_FAST_MATH = YES;
				ONLY_ACTIVE_ARCH = YES;
				SDKROOT = iphoneos;
				SWIFT_ACTIVE_COMPILATION_CONDITIONS = DEBUG;
				SWIFT_OPTIMIZATION_LEVEL = "-Onone";
			};
			name = Debug;
		};
		74A7BAA6260F13890041A18A /* Release */ = {
			isa = XCBuildConfiguration;
			buildSettings = {
				ALWAYS_SEARCH_USER_PATHS = NO;
				CLANG_ANALYZER_NONNULL = YES;
				CLANG_ANALYZER_NUMBER_OBJECT_CONVERSION = YES_AGGRESSIVE;
				CLANG_CXX_LANGUAGE_STANDARD = "gnu++14";
				CLANG_CXX_LIBRARY = "libc++";
				CLANG_ENABLE_MODULES = YES;
				CLANG_ENABLE_OBJC_ARC = YES;
				CLANG_ENABLE_OBJC_WEAK = YES;
				CLANG_WARN_BLOCK_CAPTURE_AUTORELEASING = YES;
				CLANG_WARN_BOOL_CONVERSION = YES;
				CLANG_WARN_COMMA = YES;
				CLANG_WARN_CONSTANT_CONVERSION = YES;
				CLANG_WARN_DEPRECATED_OBJC_IMPLEMENTATIONS = YES;
				CLANG_WARN_DIRECT_OBJC_ISA_USAGE = YES_ERROR;
				CLANG_WARN_DOCUMENTATION_COMMENTS = YES;
				CLANG_WARN_EMPTY_BODY = YES;
				CLANG_WARN_ENUM_CONVERSION = YES;
				CLANG_WARN_INFINITE_RECURSION = YES;
				CLANG_WARN_INT_CONVERSION = YES;
				CLANG_WARN_NON_LITERAL_NULL_CONVERSION = YES;
				CLANG_WARN_OBJC_IMPLICIT_RETAIN_SELF = YES;
				CLANG_WARN_OBJC_LITERAL_CONVERSION = YES;
				CLANG_WARN_OBJC_ROOT_CLASS = YES_ERROR;
				CLANG_WARN_QUOTED_INCLUDE_IN_FRAMEWORK_HEADER = YES;
				CLANG_WARN_RANGE_LOOP_ANALYSIS = YES;
				CLANG_WARN_STRICT_PROTOTYPES = YES;
				CLANG_WARN_SUSPICIOUS_MOVE = YES;
				CLANG_WARN_UNGUARDED_AVAILABILITY = YES_AGGRESSIVE;
				CLANG_WARN_UNREACHABLE_CODE = YES;
				CLANG_WARN__DUPLICATE_METHOD_MATCH = YES;
				COPY_PHASE_STRIP = NO;
				DEBUG_INFORMATION_FORMAT = "dwarf-with-dsym";
				ENABLE_NS_ASSERTIONS = NO;
				ENABLE_STRICT_OBJC_MSGSEND = YES;
				GCC_C_LANGUAGE_STANDARD = gnu11;
				GCC_NO_COMMON_BLOCKS = YES;
				GCC_WARN_64_TO_32_BIT_CONVERSION = YES;
				GCC_WARN_ABOUT_RETURN_TYPE = YES_ERROR;
				GCC_WARN_UNDECLARED_SELECTOR = YES;
				GCC_WARN_UNINITIALIZED_AUTOS = YES_AGGRESSIVE;
				GCC_WARN_UNUSED_FUNCTION = YES;
				GCC_WARN_UNUSED_VARIABLE = YES;
				IPHONEOS_DEPLOYMENT_TARGET = 14.3;
				MTL_ENABLE_DEBUG_INFO = NO;
				MTL_FAST_MATH = YES;
				SDKROOT = iphoneos;
				SWIFT_COMPILATION_MODE = wholemodule;
				SWIFT_OPTIMIZATION_LEVEL = "-O";
				VALIDATE_PRODUCT = YES;
			};
			name = Release;
		};
		74A7BAA8260F13890041A18A /* Debug */ = {
			isa = XCBuildConfiguration;
			baseConfigurationReference = 7514699FA74419AEE55BE082 /* Pods-Domodedovo.debug.xcconfig */;
			buildSettings = {
				ASSETCATALOG_COMPILER_APPICON_NAME = AppIcon;
				ASSETCATALOG_COMPILER_GLOBAL_ACCENT_COLOR_NAME = AccentColor;
				CODE_SIGN_STYLE = Automatic;
				DEVELOPMENT_TEAM = 3VF2NCMJXG;
				INFOPLIST_FILE = Domodedovo/Info.plist;
				LD_RUNPATH_SEARCH_PATHS = (
					"$(inherited)",
					"@executable_path/Frameworks",
				);
				PRODUCT_BUNDLE_IDENTIFIER = com.zazzaze.Domodedovo;
				PRODUCT_NAME = "$(TARGET_NAME)";
				SWIFT_VERSION = 5.0;
				TARGETED_DEVICE_FAMILY = "1,2";
			};
			name = Debug;
		};
		74A7BAA9260F13890041A18A /* Release */ = {
			isa = XCBuildConfiguration;
			baseConfigurationReference = 752E8D0A170A02AF825464C0 /* Pods-Domodedovo.release.xcconfig */;
			buildSettings = {
				ASSETCATALOG_COMPILER_APPICON_NAME = AppIcon;
				ASSETCATALOG_COMPILER_GLOBAL_ACCENT_COLOR_NAME = AccentColor;
				CODE_SIGN_STYLE = Automatic;
				DEVELOPMENT_TEAM = 3VF2NCMJXG;
				INFOPLIST_FILE = Domodedovo/Info.plist;
				LD_RUNPATH_SEARCH_PATHS = (
					"$(inherited)",
					"@executable_path/Frameworks",
				);
				PRODUCT_BUNDLE_IDENTIFIER = com.zazzaze.Domodedovo;
				PRODUCT_NAME = "$(TARGET_NAME)";
				SWIFT_VERSION = 5.0;
				TARGETED_DEVICE_FAMILY = "1,2";
			};
			name = Release;
		};
		74A7BB81260F690A0041A18A /* Debug */ = {
			isa = XCBuildConfiguration;
			buildSettings = {
				BUNDLE_LOADER = "$(TEST_HOST)";
				CODE_SIGN_STYLE = Automatic;
				DEVELOPMENT_TEAM = 3VF2NCMJXG;
				INFOPLIST_FILE = DomodedovoTests/Info.plist;
				LD_RUNPATH_SEARCH_PATHS = (
					"$(inherited)",
					"@executable_path/Frameworks",
					"@loader_path/Frameworks",
				);
				PRODUCT_BUNDLE_IDENTIFIER = com.zazzaze.DomodedovoTests;
				PRODUCT_NAME = "$(TARGET_NAME)";
				SWIFT_VERSION = 5.0;
				TARGETED_DEVICE_FAMILY = "1,2";
				TEST_HOST = "$(BUILT_PRODUCTS_DIR)/Domodedovo.app/Domodedovo";
			};
			name = Debug;
		};
		74A7BB82260F690A0041A18A /* Release */ = {
			isa = XCBuildConfiguration;
			buildSettings = {
				BUNDLE_LOADER = "$(TEST_HOST)";
				CODE_SIGN_STYLE = Automatic;
				DEVELOPMENT_TEAM = 3VF2NCMJXG;
				INFOPLIST_FILE = DomodedovoTests/Info.plist;
				LD_RUNPATH_SEARCH_PATHS = (
					"$(inherited)",
					"@executable_path/Frameworks",
					"@loader_path/Frameworks",
				);
				PRODUCT_BUNDLE_IDENTIFIER = com.zazzaze.DomodedovoTests;
				PRODUCT_NAME = "$(TARGET_NAME)";
				SWIFT_VERSION = 5.0;
				TARGETED_DEVICE_FAMILY = "1,2";
				TEST_HOST = "$(BUILT_PRODUCTS_DIR)/Domodedovo.app/Domodedovo";
			};
			name = Release;
		};
/* End XCBuildConfiguration section */

/* Begin XCConfigurationList section */
		74A7BA8E260F13830041A18A /* Build configuration list for PBXProject "Domodedovo" */ = {
			isa = XCConfigurationList;
			buildConfigurations = (
				74A7BAA5260F13890041A18A /* Debug */,
				74A7BAA6260F13890041A18A /* Release */,
			);
			defaultConfigurationIsVisible = 0;
			defaultConfigurationName = Release;
		};
		74A7BAA7260F13890041A18A /* Build configuration list for PBXNativeTarget "Domodedovo" */ = {
			isa = XCConfigurationList;
			buildConfigurations = (
				74A7BAA8260F13890041A18A /* Debug */,
				74A7BAA9260F13890041A18A /* Release */,
			);
			defaultConfigurationIsVisible = 0;
			defaultConfigurationName = Release;
		};
		74A7BB80260F690A0041A18A /* Build configuration list for PBXNativeTarget "DomodedovoTests" */ = {
			isa = XCConfigurationList;
			buildConfigurations = (
				74A7BB81260F690A0041A18A /* Debug */,
				74A7BB82260F690A0041A18A /* Release */,
			);
			defaultConfigurationIsVisible = 0;
			defaultConfigurationName = Release;
		};
/* End XCConfigurationList section */
	};
	rootObject = 74A7BA8B260F13830041A18A /* Project object */;
}
